
Microsoft Visual Studio Solution File, Format Version 12.00
# Visual Studio Version 16
VisualStudioVersion = 16.0.35026.282
MinimumVisualStudioVersion = 10.0.40219.1
Project("{FAE04EC0-301F-11D3-BF4B-00C04F79EFBC}") = "CC9", "CC9\CC9.csproj", "{90DD74AA-83CE-441D-92C6-666CE2CB5A18}"
EndProject
Global
	GlobalSection(SolutionConfigurationPlatforms) = preSolution
		Debug|Any CPU = Debug|Any CPU
		Release|Any CPU = Release|Any CPU
	EndGlobalSection
	GlobalSection(ProjectConfigurationPlatforms) = postSolution
		{90DD74AA-83CE-441D-92C6-666CE2CB5A18}.Debug|Any CPU.ActiveCfg = Debug|Any CPU
		{90DD74AA-83CE-441D-92C6-666CE2CB5A18}.Debug|Any CPU.Build.0 = Debug|Any CPU
		{90DD74AA-83CE-441D-92C6-666CE2CB5A18}.Release|Any CPU.ActiveCfg = Release|Any CPU
		{90DD74AA-83CE-441D-92C6-666CE2CB5A18}.Release|Any CPU.Build.0 = Release|Any CPU
	EndGlobalSection
	GlobalSection(SolutionProperties) = preSolution
		HideSolutionNode = FALSE
	EndGlobalSection
	GlobalSection(ExtensibilityGlobals) = postSolution
		SolutionGuid = {3976AA5E-5395-4577-B0EF-2DA14357E5F1}
	EndGlobalSection
EndGlobal
