
Microsoft Visual Studio Solution File, Format Version 12.00
# Visual Studio Version 16
VisualStudioVersion = 16.0.35026.282
MinimumVisualStudioVersion = 10.0.40219.1
Project("{FAE04EC0-301F-11D3-BF4B-00C04F79EFBC}") = "CC10", "CC10\CC10.csproj", "{867F3A27-C827-4880-8067-C00B9020E0D0}"
EndProject
Global
	GlobalSection(SolutionConfigurationPlatforms) = preSolution
		Debug|Any CPU = Debug|Any CPU
		Release|Any CPU = Release|Any CPU
	EndGlobalSection
	GlobalSection(ProjectConfigurationPlatforms) = postSolution
		{867F3A27-C827-4880-8067-C00B9020E0D0}.Debug|Any CPU.ActiveCfg = Debug|Any CPU
		{867F3A27-C827-4880-8067-C00B9020E0D0}.Debug|Any CPU.Build.0 = Debug|Any CPU
		{867F3A27-C827-4880-8067-C00B9020E0D0}.Release|Any CPU.ActiveCfg = Release|Any CPU
		{867F3A27-C827-4880-8067-C00B9020E0D0}.Release|Any CPU.Build.0 = Release|Any CPU
	EndGlobalSection
	GlobalSection(SolutionProperties) = preSolution
		HideSolutionNode = FALSE
	EndGlobalSection
	GlobalSection(ExtensibilityGlobals) = postSolution
		SolutionGuid = {3EE2130E-791B-4701-B733-7FE01BCF8A85}
	EndGlobalSection
EndGlobal
